{
  "nodes": {
    "flake-utils": {
      "inputs": {
        "systems": "systems"
      },
      "locked": {
        "lastModified": 1731533236,
        "narHash": "sha256-l0KFg5HjrsfsO/JpG+r7fRrqm12kzFHyUHqHCVpMMbI=",
        "owner": "numtide",
        "repo": "flake-utils",
        "rev": "11707dc2f618dd54ca8739b309ec4fc024de578b",
        "type": "github"
      },
      "original": {
        "owner": "numtide",
        "repo": "flake-utils",
        "type": "github"
      }
    },
    "flake-utils_2": {
      "inputs": {
        "systems": "systems_2"
      },
      "locked": {
        "lastModified": 1731533236,
        "narHash": "sha256-l0KFg5HjrsfsO/JpG+r7fRrqm12kzFHyUHqHCVpMMbI=",
        "owner": "numtide",
        "repo": "flake-utils",
        "rev": "11707dc2f618dd54ca8739b309ec4fc024de578b",
        "type": "github"
      },
      "original": {
        "owner": "numtide",
        "repo": "flake-utils",
        "type": "github"
      }
    },
    "flake-utils_3": {
      "inputs": {
        "systems": "systems_3"
      },
      "locked": {
        "lastModified": 1731533236,
        "narHash": "sha256-l0KFg5HjrsfsO/JpG+r7fRrqm12kzFHyUHqHCVpMMbI=",
        "owner": "numtide",
        "repo": "flake-utils",
        "rev": "11707dc2f618dd54ca8739b309ec4fc024de578b",
        "type": "github"
      },
      "original": {
        "owner": "numtide",
        "repo": "flake-utils",
        "type": "github"
      }
    },
    "nixpkgs": {
      "locked": {
        "lastModified": 1786599213,
        "narHash": "sha256-yNJd40f11EzXBjSByCB7IPpeFFAdeoSKKM67dGkfFoU=",
        "owner": "NixOS",
        "repo": "nixpkgs",
        "rev": "0e251e24a4f24e036a084b6b4b2d2491af4167f4",
        "type": "github"
      },
      "original": {
        "owner": "NixOS",
        "ref": "nixos-unstable",
        "repo": "nixpkgs",
        "type": "github"
      }
    },
    "release-kit": {
      "inputs": {
        "nixpkgs": [
          "nixpkgs"
        ],
        "rust-overlay": "rust-overlay",
        "spec-driven-docs": "spec-driven-docs"
      },
      "locked": {
        "lastModified": 1789239064,
        "narHash": "sha256-KVKiK9pT3KAMO756p6NybqDAsKcU29Ud4OlPapjLf/k=",
        "owner": "gubasso",
        "repo": "release-kit",
        "rev": "f44eed8e416d52890f89902eb0282adadbd64bf2",
        "type": "github"
      },
      "original": {
        "owner": "gubasso",
        "ref": "v0.3.27",
        "repo": "release-kit",
        "type": "github"
      }
    },
    "release-kit_2": {
      "inputs": {
        "nixpkgs": [
          "release-kit",
          "spec-driven-docs",
          "nixpkgs"
        ],
        "rust-overlay": "rust-overlay_2",
        "spec-driven-docs": "spec-driven-docs_2"
      },
      "locked": {
        "lastModified": 1788987825,
        "narHash": "sha256-UdHt7hgdwSkj8eYVeqGV76nsFA+p2Z5R/SGouGotmps=",
        "owner": "gubasso",
        "repo": "release-kit",
        "rev": "0f5836c83833a30514570503de8a3161d29d89de",
        "type": "github"
      },
      "original": {
        "owner": "gubasso",
        "ref": "v0.3.11",
        "repo": "release-kit",
        "type": "github"
      }
    },
    "release-kit_3": {
      "inputs": {
        "nixpkgs": [
          "release-kit",
          "spec-driven-docs",
          "release-kit",
          "spec-driven-docs",
          "nixpkgs"
        ],
        "rust-overlay": "rust-overlay_3"
      },
      "locked": {
        "lastModified": 1788619045,
        "narHash": "sha256-5JUBSxBAnjwuBzTykInFclYq8Isye2KBVGRwJyhbaRo=",
        "owner": "gubasso",
        "repo": "release-kit",
        "rev": "cdff88f492653530f9f4d3a4587d6c50b4cacad9",
        "type": "github"
      },
      "original": {
        "owner": "gubasso",
        "ref": "v0.2.19",
        "repo": "release-kit",
        "type": "github"
      }
    },
    "release-kit_4": {
      "inputs": {
        "nixpkgs": [
          "spec-driven-docs",
          "nixpkgs"
        ],
        "rust-overlay": "rust-overlay_7"
      },
      "locked": {
        "lastModified": 1788969871,
        "narHash": "sha256-ZtHZw1dpgUB3Ju+kDuJi7x0lc4n9QiktQapvtFxZMZI=",
        "owner": "gubasso",
        "repo": "release-kit",
        "rev": "143df4d78e0e4b4217741ec483203b78e8a4b97b",
        "type": "github"
      },
      "original": {
        "owner": "gubasso",
        "ref": "v0.3.8",
        "repo": "release-kit",
        "type": "github"
      }
    },
    "root": {
      "inputs": {
        "nixpkgs": "nixpkgs",
        "release-kit": "release-kit",
        "rust-overlay": "rust-overlay_6",
        "spec-driven-docs": "spec-driven-docs_3"
      }
    },
    "rust-overlay": {
      "inputs": {
        "nixpkgs": [
          "release-kit",
          "nixpkgs"
        ]
      },
      "locked": {
        "lastModified": 1787834454,
        "narHash": "sha256-jXSvqn04IOecJCvSvl8+g3PsbDVNP6qKs6dKUs/b16k=",
        "owner": "oxalica",
        "repo": "rust-overlay",
        "rev": "dc2fd1acc537f3583744e1373597a5731ff7a6e3",
        "type": "github"
      },
      "original": {
        "owner": "oxalica",
        "repo": "rust-overlay",
        "type": "github"
      }
    },
    "rust-overlay_2": {
      "inputs": {
        "nixpkgs": [
          "release-kit",
          "spec-driven-docs",
          "release-kit",
          "nixpkgs"
        ]
      },
      "locked": {
        "lastModified": 1787834454,
        "narHash": "sha256-jXSvqn04IOecJCvSvl8+g3PsbDVNP6qKs6dKUs/b16k=",
        "owner": "oxalica",
        "repo": "rust-overlay",
        "rev": "dc2fd1acc537f3583744e1373597a5731ff7a6e3",
        "type": "github"
      },
      "original": {
        "owner": "oxalica",
        "repo": "rust-overlay",
        "type": "github"
      }
    },
    "rust-overlay_3": {
      "inputs": {
        "nixpkgs": [
          "release-kit",
          "spec-driven-docs",
          "release-kit",
          "spec-driven-docs",
          "release-kit",
          "nixpkgs"
        ]
      },
      "locked": {
        "lastModified": 1787834454,
        "narHash": "sha256-jXSvqn04IOecJCvSvl8+g3PsbDVNP6qKs6dKUs/b16k=",
        "owner": "oxalica",
        "repo": "rust-overlay",
        "rev": "dc2fd1acc537f3583744e1373597a5731ff7a6e3",
        "type": "github"
      },
      "original": {
        "owner": "oxalica",
        "repo": "rust-overlay",
        "type": "github"
      }
    },
    "rust-overlay_4": {
      "inputs": {
        "nixpkgs": [
          "release-kit",
          "spec-driven-docs",
          "release-kit",
          "spec-driven-docs",
          "nixpkgs"
        ]
      },
      "locked": {
        "lastModified": 1787627053,
        "narHash": "sha256-QdVaU2WSCKsxZ0sBDIRnaaukp6Z5IMUE0gDEDoSRJd0=",
        "owner": "oxalica",
        "repo": "rust-overlay",
        "rev": "132a10336af9ae819bdf640c0dd1c789b12d7107",
        "type": "github"
      },
      "original": {
        "owner": "oxalica",
        "repo": "rust-overlay",
        "type": "github"
      }
    },
    "rust-overlay_5": {
      "inputs": {
        "nixpkgs": [
          "release-kit",
          "spec-driven-docs",
          "nixpkgs"
        ]
      },
      "locked": {
        "lastModified": 1787627053,
        "narHash": "sha256-QdVaU2WSCKsxZ0sBDIRnaaukp6Z5IMUE0gDEDoSRJd0=",
        "owner": "oxalica",
        "repo": "rust-overlay",
        "rev": "132a10336af9ae819bdf640c0dd1c789b12d7107",
        "type": "github"
      },
      "original": {
        "owner": "oxalica",
        "repo": "rust-overlay",
        "type": "github"
      }
    },
    "rust-overlay_6": {
      "inputs": {
        "nixpkgs": [
          "nixpkgs"
        ]
      },
      "locked": {
        "lastModified": 1786680812,
        "narHash": "sha256-5lDFwethgqSULdupYl3Eu5n80jfcbb85gSJX/jb58GQ=",
        "owner": "oxalica",
        "repo": "rust-overlay",
        "rev": "f1dcc7e4ea4fdb6d8f276face22f353832b161e3",
        "type": "github"
      },
      "original": {
        "owner": "oxalica",
        "repo": "rust-overlay",
        "type": "github"
      }
    },
    "rust-overlay_7": {
      "inputs": {
        "nixpkgs": [
          "spec-driven-docs",
          "release-kit",
          "nixpkgs"
        ]
      },
      "locked": {
        "lastModified": 1787834454,
        "narHash": "sha256-jXSvqn04IOecJCvSvl8+g3PsbDVNP6qKs6dKUs/b16k=",
        "owner": "oxalica",
        "repo": "rust-overlay",
        "rev": "dc2fd1acc537f3583744e1373597a5731ff7a6e3",
        "type": "github"
      },
      "original": {
        "owner": "oxalica",
        "repo": "rust-overlay",
        "type": "github"
      }
    },
    "rust-overlay_8": {
      "inputs": {
        "nixpkgs": [
          "spec-driven-docs",
          "nixpkgs"
        ]
      },
      "locked": {
        "lastModified": 1787627053,
        "narHash": "sha256-QdVaU2WSCKsxZ0sBDIRnaaukp6Z5IMUE0gDEDoSRJd0=",
        "owner": "oxalica",
        "repo": "rust-overlay",
        "rev": "132a10336af9ae819bdf640c0dd1c789b12d7107",
        "type": "github"
      },
      "original": {
        "owner": "oxalica",
        "repo": "rust-overlay",
        "type": "github"
      }
    },
    "spec-driven-docs": {
      "inputs": {
        "flake-utils": "flake-utils",
        "nixpkgs": [
          "release-kit",
          "nixpkgs"
        ],
        "release-kit": "release-kit_2",
        "rust-overlay": "rust-overlay_5"
      },
      "locked": {
        "lastModified": 1789150355,
        "narHash": "sha256-Di47up4sfNVBDEKZfZaM+UY9eJPmfU3q70aSw7qBgh4=",
        "owner": "gubasso",
        "repo": "spec-driven-docs",
        "rev": "e19dfd80d5e8f692e3c6768f14c9d699b40db1ac",
        "type": "github"
      },
      "original": {
        "owner": "gubasso",
        "ref": "v0.6.6",
        "repo": "spec-driven-docs",
        "type": "github"
      }
    },
    "spec-driven-docs_2": {
      "inputs": {
        "flake-utils": "flake-utils_2",
        "nixpkgs": [
          "release-kit",
          "spec-driven-docs",
          "release-kit",
          "nixpkgs"
        ],
        "release-kit": "release-kit_3",
        "rust-overlay": "rust-overlay_4"
      },
      "locked": {
        "lastModified": 1788623534,
        "narHash": "sha256-no/MJRlujvoy/g8M+8uYtpGFmgBf4C3u7ep6lN2b7Do=",
        "owner": "gubasso",
        "repo": "spec-driven-docs",
        "rev": "d5a174c607842ddfb116640fb7b4a50bc1eb01e2",
        "type": "github"
      },
      "original": {
        "owner": "gubasso",
        "ref": "v0.4.5",
        "repo": "spec-driven-docs",
        "type": "github"
      }
    },
    "spec-driven-docs_3": {
      "inputs": {
        "flake-utils": "flake-utils_3",
        "nixpkgs": [
          "nixpkgs"
        ],
        "release-kit": "release-kit_4",
        "rust-overlay": "rust-overlay_8"
      },
      "locked": {
        "lastModified": 1788981258,
        "narHash": "sha256-6dLJ55RTJmSFxKgM7LQ0Qu3FqAS6zrxy9A3B8sMtbEA=",
        "owner": "gubasso",
        "repo": "spec-driven-docs",
        "rev": "e8ef2008214c38b8093d805848cc9342979b018e",
        "type": "github"
      },
      "original": {
        "owner": "gubasso",
        "ref": "v0.6.0",
        "repo": "spec-driven-docs",
        "type": "github"
      }
    },
    "systems": {
      "locked": {
        "lastModified": 1681028828,
        "narHash": "sha256-Vy1rq5AaRuLzOxct8nz4T6wlgyUR7zLU309k9mBC768=",
        "owner": "nix-systems",
        "repo": "default",
        "rev": "da67096a3b9bf56a91d16901293e51ba5b49a27e",
        "type": "github"
      },
      "original": {
        "owner": "nix-systems",
        "repo": "default",
        "type": "github"
      }
    },
    "systems_2": {
      "locked": {
        "lastModified": 1681028828,
        "narHash": "sha256-Vy1rq5AaRuLzOxct8nz4T6wlgyUR7zLU309k9mBC768=",
        "owner": "nix-systems",
        "repo": "default",
        "rev": "da67096a3b9bf56a91d16901293e51ba5b49a27e",
        "type": "github"
      },
      "original": {
        "owner": "nix-systems",
        "repo": "default",
        "type": "github"
      }
    },
    "systems_3": {
      "locked": {
        "lastModified": 1681028828,
        "narHash": "sha256-Vy1rq5AaRuLzOxct8nz4T6wlgyUR7zLU309k9mBC768=",
        "owner": "nix-systems",
        "repo": "default",
        "rev": "da67096a3b9bf56a91d16901293e51ba5b49a27e",
        "type": "github"
      },
      "original": {
        "owner": "nix-systems",
        "repo": "default",
        "type": "github"
      }
    }
  },
  "root": "root",
  "version": 7
}
